
Microsoft Visual Studio Solution File, Format Version 12.00
# Visual Studio Version 17
VisualStudioVersion = 17.13.35818.85
MinimumVisualStudioVersion = 10.0.40219.1
Project("{FAE04EC0-301F-11D3-BF4B-00C04F79EFBC}") = "Kelist.API", "Kelist.API\Kelist.API.csproj", "{DEA1FCA5-1DF1-442E-B980-8D747FE91AE8}"
EndProject
Project("{FAE04EC0-301F-11D3-BF4B-00C04F79EFBC}") = "Domain", "Domain\Domain.csproj", "{3EC450AB-62CB-4E37-B6F9-1680CF1335A1}"
EndProject
Project("{FAE04EC0-301F-11D3-BF4B-00C04F79EFBC}") = "Application", "Application\Application.csproj", "{8950C776-30FE-417E-B4E2-162939D7F59E}"
EndProject
Project("{FAE04EC0-301F-11D3-BF4B-00C04F79EFBC}") = "Infrastructure", "Infrastructure\Infrastructure.csproj", "{80FF9E48-84B3-4F41-878F-CB229C677F6D}"
EndProject
Project("{2150E333-8FDC-42A3-9474-1A3956D46DE8}") = "Elementos de la solución", "Elementos de la solución", "{D107F4C8-89CC-BEA8-D3D7-CA6B7733353D}"
	ProjectSection(SolutionItems) = preProject
		.dockerignore = .dockerignore
		.env = .env
		.gitignore = .gitignore
		docker-compose.yml = docker-compose.yml
		LICENSE = LICENSE
		vault.hcl = vault.hcl
	EndProjectSection
EndProject
Global
	GlobalSection(SolutionConfigurationPlatforms) = preSolution
		Debug|Any CPU = Debug|Any CPU
		Debug|x64 = Debug|x64
		Debug|x86 = Debug|x86
		Release|Any CPU = Release|Any CPU
		Release|x64 = Release|x64
		Release|x86 = Release|x86
	EndGlobalSection
	GlobalSection(ProjectConfigurationPlatforms) = postSolution
		{DEA1FCA5-1DF1-442E-B980-8D747FE91AE8}.Debug|Any CPU.ActiveCfg = Debug|Any CPU
		{DEA1FCA5-1DF1-442E-B980-8D747FE91AE8}.Debug|Any CPU.Build.0 = Debug|Any CPU
		{DEA1FCA5-1DF1-442E-B980-8D747FE91AE8}.Debug|x64.ActiveCfg = Debug|Any CPU
		{DEA1FCA5-1DF1-442E-B980-8D747FE91AE8}.Debug|x64.Build.0 = Debug|Any CPU
		{DEA1FCA5-1DF1-442E-B980-8D747FE91AE8}.Debug|x86.ActiveCfg = Debug|Any CPU
		{DEA1FCA5-1DF1-442E-B980-8D747FE91AE8}.Debug|x86.Build.0 = Debug|Any CPU
		{DEA1FCA5-1DF1-442E-B980-8D747FE91AE8}.Release|Any CPU.ActiveCfg = Release|Any CPU
		{DEA1FCA5-1DF1-442E-B980-8D747FE91AE8}.Release|Any CPU.Build.0 = Release|Any CPU
		{DEA1FCA5-1DF1-442E-B980-8D747FE91AE8}.Release|x64.ActiveCfg = Release|Any CPU
		{DEA1FCA5-1DF1-442E-B980-8D747FE91AE8}.Release|x64.Build.0 = Release|Any CPU
		{DEA1FCA5-1DF1-442E-B980-8D747FE91AE8}.Release|x86.ActiveCfg = Release|Any CPU
		{DEA1FCA5-1DF1-442E-B980-8D747FE91AE8}.Release|x86.Build.0 = Release|Any CPU
		{3EC450AB-62CB-4E37-B6F9-1680CF1335A1}.Debug|Any CPU.ActiveCfg = Debug|Any CPU
		{3EC450AB-62CB-4E37-B6F9-1680CF1335A1}.Debug|Any CPU.Build.0 = Debug|Any CPU
		{3EC450AB-62CB-4E37-B6F9-1680CF1335A1}.Debug|x64.ActiveCfg = Debug|Any CPU
		{3EC450AB-62CB-4E37-B6F9-1680CF1335A1}.Debug|x64.Build.0 = Debug|Any CPU
		{3EC450AB-62CB-4E37-B6F9-1680CF1335A1}.Debug|x86.ActiveCfg = Debug|Any CPU
		{3EC450AB-62CB-4E37-B6F9-1680CF1335A1}.Debug|x86.Build.0 = Debug|Any CPU
		{3EC450AB-62CB-4E37-B6F9-1680CF1335A1}.Release|Any CPU.ActiveCfg = Release|Any CPU
		{3EC450AB-62CB-4E37-B6F9-1680CF1335A1}.Release|Any CPU.Build.0 = Release|Any CPU
		{3EC450AB-62CB-4E37-B6F9-1680CF1335A1}.Release|x64.ActiveCfg = Release|Any CPU
		{3EC450AB-62CB-4E37-B6F9-1680CF1335A1}.Release|x64.Build.0 = Release|Any CPU
		{3EC450AB-62CB-4E37-B6F9-1680CF1335A1}.Release|x86.ActiveCfg = Release|Any CPU
		{3EC450AB-62CB-4E37-B6F9-1680CF1335A1}.Release|x86.Build.0 = Release|Any CPU
		{8950C776-30FE-417E-B4E2-162939D7F59E}.Debug|Any CPU.ActiveCfg = Debug|Any CPU
		{8950C776-30FE-417E-B4E2-162939D7F59E}.Debug|Any CPU.Build.0 = Debug|Any CPU
		{8950C776-30FE-417E-B4E2-162939D7F59E}.Debug|x64.ActiveCfg = Debug|Any CPU
		{8950C776-30FE-417E-B4E2-162939D7F59E}.Debug|x64.Build.0 = Debug|Any CPU
		{8950C776-30FE-417E-B4E2-162939D7F59E}.Debug|x86.ActiveCfg = Debug|Any CPU
		{8950C776-30FE-417E-B4E2-162939D7F59E}.Debug|x86.Build.0 = Debug|Any CPU
		{8950C776-30FE-417E-B4E2-162939D7F59E}.Release|Any CPU.ActiveCfg = Release|Any CPU
		{8950C776-30FE-417E-B4E2-162939D7F59E}.Release|Any CPU.Build.0 = Release|Any CPU
		{8950C776-30FE-417E-B4E2-162939D7F59E}.Release|x64.ActiveCfg = Release|Any CPU
		{8950C776-30FE-417E-B4E2-162939D7F59E}.Release|x64.Build.0 = Release|Any CPU
		{8950C776-30FE-417E-B4E2-162939D7F59E}.Release|x86.ActiveCfg = Release|Any CPU
		{8950C776-30FE-417E-B4E2-162939D7F59E}.Release|x86.Build.0 = Release|Any CPU
		{80FF9E48-84B3-4F41-878F-CB229C677F6D}.Debug|Any CPU.ActiveCfg = Debug|Any CPU
		{80FF9E48-84B3-4F41-878F-CB229C677F6D}.Debug|Any CPU.Build.0 = Debug|Any CPU
		{80FF9E48-84B3-4F41-878F-CB229C677F6D}.Debug|x64.ActiveCfg = Debug|Any CPU
		{80FF9E48-84B3-4F41-878F-CB229C677F6D}.Debug|x64.Build.0 = Debug|Any CPU
		{80FF9E48-84B3-4F41-878F-CB229C677F6D}.Debug|x86.ActiveCfg = Debug|Any CPU
		{80FF9E48-84B3-4F41-878F-CB229C677F6D}.Debug|x86.Build.0 = Debug|Any CPU
		{80FF9E48-84B3-4F41-878F-CB229C677F6D}.Release|Any CPU.ActiveCfg = Release|Any CPU
		{80FF9E48-84B3-4F41-878F-CB229C677F6D}.Release|Any CPU.Build.0 = Release|Any CPU
		{80FF9E48-84B3-4F41-878F-CB229C677F6D}.Release|x64.ActiveCfg = Release|Any CPU
		{80FF9E48-84B3-4F41-878F-CB229C677F6D}.Release|x64.Build.0 = Release|Any CPU
		{80FF9E48-84B3-4F41-878F-CB229C677F6D}.Release|x86.ActiveCfg = Release|Any CPU
		{80FF9E48-84B3-4F41-878F-CB229C677F6D}.Release|x86.Build.0 = Release|Any CPU
	EndGlobalSection
	GlobalSection(SolutionProperties) = preSolution
		HideSolutionNode = FALSE
	EndGlobalSection
	GlobalSection(ExtensibilityGlobals) = postSolution
		SolutionGuid = {98956C7A-C96B-4186-9A54-303B26396186}
	EndGlobalSection
EndGlobal
